
Microsoft Visual Studio Solution File, Format Version 12.00
# Visual Studio Version 17
VisualStudioVersion = 17.5.002.0
MinimumVisualStudioVersion = 10.0.40219.1
Project("{9A19103F-16F7-4668-BE54-9A1E7A4F7556}") = "PrincessSimulatorGateway", "PrincessSimulatorGateway.csproj", "{5A6018F1-9583-4AB1-B58E-C983E3AB47F9}"
EndProject
Global
	GlobalSection(SolutionConfigurationPlatforms) = preSolution
		Debug|Any CPU = Debug|Any CPU
		Release|Any CPU = Release|Any CPU
	EndGlobalSection
	GlobalSection(ProjectConfigurationPlatforms) = postSolution
		{5A6018F1-9583-4AB1-B58E-C983E3AB47F9}.Debug|Any CPU.ActiveCfg = Debug|Any CPU
		{5A6018F1-9583-4AB1-B58E-C983E3AB47F9}.Debug|Any CPU.Build.0 = Debug|Any CPU
		{5A6018F1-9583-4AB1-B58E-C983E3AB47F9}.Release|Any CPU.ActiveCfg = Release|Any CPU
		{5A6018F1-9583-4AB1-B58E-C983E3AB47F9}.Release|Any CPU.Build.0 = Release|Any CPU
	EndGlobalSection
	GlobalSection(SolutionProperties) = preSolution
		HideSolutionNode = FALSE
	EndGlobalSection
	GlobalSection(ExtensibilityGlobals) = postSolution
		SolutionGuid = {0763F3DF-4990-4D81-9A57-7C40B6EDAEE3}
	EndGlobalSection
EndGlobal
